
Microsoft Visual Studio Solution File, Format Version 12.00
# Visual Studio Version 16
VisualStudioVersion = 16.0.31911.196
MinimumVisualStudioVersion = 10.0.40219.1
Project("{FAE04EC0-301F-11D3-BF4B-00C04F79EFBC}") = "FirewoodEngine", "FirewoodEngine\FirewoodEngine.csproj", "{D2E7B5B5-9392-4F28-84F6-DDA5F5530DDD}"
EndProject
Global
	GlobalSection(SolutionConfigurationPlatforms) = preSolution
		Debug|Any CPU = Debug|Any CPU
		Release|Any CPU = Release|Any CPU
	EndGlobalSection
	GlobalSection(ProjectConfigurationPlatforms) = postSolution
		{D2E7B5B5-9392-4F28-84F6-DDA5F5530DDD}.Debug|Any CPU.ActiveCfg = Debug|Any CPU
		{D2E7B5B5-9392-4F28-84F6-DDA5F5530DDD}.Debug|Any CPU.Build.0 = Debug|Any CPU
		{D2E7B5B5-9392-4F28-84F6-DDA5F5530DDD}.Release|Any CPU.ActiveCfg = Release|Any CPU
		{D2E7B5B5-9392-4F28-84F6-DDA5F5530DDD}.Release|Any CPU.Build.0 = Release|Any CPU
	EndGlobalSection
	GlobalSection(SolutionProperties) = preSolution
		HideSolutionNode = FALSE
	EndGlobalSection
	GlobalSection(ExtensibilityGlobals) = postSolution
		SolutionGuid = {E90531C8-F48F-4044-B327-F83DD29AFF78}
	EndGlobalSection
EndGlobal
